
Microsoft Visual Studio Solution File, Format Version 12.00
# Visual Studio 15
Project("{FAE04EC0-301F-11D3-BF4B-00C04F79EFBC}") = "Unity.Timeline", "Unity.Timeline.csproj", "{ABFB9322-EB37-42E7-BF39-22FA36BEFCBB}"
EndProject
Project("{FAE04EC0-301F-11D3-BF4B-00C04F79EFBC}") = "Unity.ShaderGraph.Editor", "Unity.ShaderGraph.Editor.csproj", "{A7E3B70E-C054-34C1-DF77-BA7123474A5D}"
EndProject
Project("{FAE04EC0-301F-11D3-BF4B-00C04F79EFBC}") = "Unity.RenderPipelines.GPUDriven.Runtime", "Unity.RenderPipelines.GPUDriven.Runtime.csproj", "{6542859C-212A-6E0E-23AE-902566F1A60C}"
EndProject
Project("{FAE04EC0-301F-11D3-BF4B-00C04F79EFBC}") = "Unity.PlasticSCM.Editor", "Unity.PlasticSCM.Editor.csproj", "{84B43DE0-CDC4-465C-67CA-F2139F8EB772}"
EndProject
Project("{FAE04EC0-301F-11D3-BF4B-00C04F79EFBC}") = "Unity.InputSystem", "Unity.InputSystem.csproj", "{198F76AB-4BC8-2862-02E2-692666E04C5E}"
EndProject
Project("{FAE04EC0-301F-11D3-BF4B-00C04F79EFBC}") = "Zenject", "Zenject.csproj", "{8F1CE64D-0D27-26F1-7F8B-FB3C02F4FE47}"
EndProject
Project("{FAE04EC0-301F-11D3-BF4B-00C04F79EFBC}") = "Sirenix.OdinInspector.Modules.UnityMathematics", "Sirenix.OdinInspector.Modules.UnityMathematics.csproj", "{395D276D-B703-64AD-2D1B-0A650A2408D5}"
EndProject
Project("{FAE04EC0-301F-11D3-BF4B-00C04F79EFBC}") = "Unity.RenderPipelines.Universal.Runtime", "Unity.RenderPipelines.Universal.Runtime.csproj", "{3312FBA4-1FE2-C9C3-D097-0EFDEF6710E0}"
EndProject
Project("{FAE04EC0-301F-11D3-BF4B-00C04F79EFBC}") = "Unity.Timeline.Editor", "Unity.Timeline.Editor.csproj", "{22F53F9E-7450-EF58-4EC8-EED34605B173}"
EndProject
Project("{FAE04EC0-301F-11D3-BF4B-00C04F79EFBC}") = "Unity.RenderPipelines.Core.Runtime", "Unity.RenderPipelines.Core.Runtime.csproj", "{31EED8E5-247B-A3BE-5A85-0EBCEB054B87}"
EndProject
Project("{FAE04EC0-301F-11D3-BF4B-00C04F79EFBC}") = "Zenject-IntegrationTests", "Zenject-IntegrationTests.csproj", "{D5C5289A-ACCE-9899-359F-D44BF0763948}"
EndProject
Project("{FAE04EC0-301F-11D3-BF4B-00C04F79EFBC}") = "Unity.Multiplayer.Center.Editor", "Unity.Multiplayer.Center.Editor.csproj", "{ADC23079-FDEF-0CAB-FE24-DA4F4ABCECCD}"
EndProject
Project("{FAE04EC0-301F-11D3-BF4B-00C04F79EFBC}") = "Unity.Mathematics", "Unity.Mathematics.csproj", "{1A6417E9-6DC4-CD22-8E2E-5669444D1315}"
EndProject
Project("{FAE04EC0-301F-11D3-BF4B-00C04F79EFBC}") = "Unity.RenderPipelines.Core.Editor", "Unity.RenderPipelines.Core.Editor.csproj", "{41A57309-3017-1358-40A9-42B10485F4C8}"
EndProject
Project("{FAE04EC0-301F-11D3-BF4B-00C04F79EFBC}") = "Unity.Collections", "Unity.Collections.csproj", "{372B27E7-C46B-0341-E366-B7565ED6C61E}"
EndProject
Project("{FAE04EC0-301F-11D3-BF4B-00C04F79EFBC}") = "UnityEngine.UI", "UnityEngine.UI.csproj", "{E883915E-52DA-F206-E262-69D1066B25A5}"
EndProject
Project("{FAE04EC0-301F-11D3-BF4B-00C04F79EFBC}") = "UnityEditor.TestRunner", "UnityEditor.TestRunner.csproj", "{82ABF8EA-2DDF-6F4A-D573-3B35109CB2D1}"
EndProject
Project("{FAE04EC0-301F-11D3-BF4B-00C04F79EFBC}") = "Unity.RenderPipelines.Universal.2D.Runtime", "Unity.RenderPipelines.Universal.2D.Runtime.csproj", "{EB37E781-FECE-935F-87D6-3C62956D4C72}"
EndProject
Project("{FAE04EC0-301F-11D3-BF4B-00C04F79EFBC}") = "Unity.RenderPipelines.Universal.Editor", "Unity.RenderPipelines.Universal.Editor.csproj", "{93EBA7BB-6DF6-3FE6-51D1-D17E91ABB52C}"
EndProject
Project("{FAE04EC0-301F-11D3-BF4B-00C04F79EFBC}") = "Unity.PerformanceTesting.Editor", "Unity.PerformanceTesting.Editor.csproj", "{E2789609-9E53-7463-B3C3-5E72D5842AA5}"
EndProject
Project("{FAE04EC0-301F-11D3-BF4B-00C04F79EFBC}") = "UnityEngine.TestRunner", "UnityEngine.TestRunner.csproj", "{11C1E80B-84BB-9144-86FB-37122EA41324}"
EndProject
Project("{FAE04EC0-301F-11D3-BF4B-00C04F79EFBC}") = "Zenject-IntegrationTests-Editor", "Zenject-IntegrationTests-Editor.csproj", "{16CD0A70-776F-2CA6-17E8-834C36CC8E2F}"
EndProject
Project("{FAE04EC0-301F-11D3-BF4B-00C04F79EFBC}") = "Unity.Searcher.Editor", "Unity.Searcher.Editor.csproj", "{7935ABED-1F84-EA6D-EA91-A3A3B77C5326}"
EndProject
Project("{FAE04EC0-301F-11D3-BF4B-00C04F79EFBC}") = "Unity.Burst", "Unity.Burst.csproj", "{A057F9CC-D08E-D978-8613-E0ABAAA82A65}"
EndProject
Project("{FAE04EC0-301F-11D3-BF4B-00C04F79EFBC}") = "Unity.AI.Navigation.Editor", "Unity.AI.Navigation.Editor.csproj", "{93FACF53-CD05-C2E0-B11A-6C03157855C0}"
EndProject
Project("{FAE04EC0-301F-11D3-BF4B-00C04F79EFBC}") = "Unity.VisualStudio.Editor", "Unity.VisualStudio.Editor.csproj", "{6ADC9435-F058-1F55-8CFD-497E3EF75632}"
EndProject
Project("{FAE04EC0-301F-11D3-BF4B-00C04F79EFBC}") = "Zenject-ReflectionBaking-Editor", "Zenject-ReflectionBaking-Editor.csproj", "{0E411A1E-B0AA-C928-A27F-E504FAA539CF}"
EndProject
Project("{FAE04EC0-301F-11D3-BF4B-00C04F79EFBC}") = "PPv2URPConverters", "PPv2URPConverters.csproj", "{0D320050-1E1C-8E26-86DA-9B3A172887BA}"
EndProject
Project("{FAE04EC0-301F-11D3-BF4B-00C04F79EFBC}") = "Unity.RenderPipelines.Core.Runtime.Shared", "Unity.RenderPipelines.Core.Runtime.Shared.csproj", "{D0FFD980-6E36-6307-8580-763D12999961}"
EndProject
Project("{FAE04EC0-301F-11D3-BF4B-00C04F79EFBC}") = "NuGetForUnity", "NuGetForUnity.csproj", "{25722253-0731-8F0E-97A6-1D7637D55563}"
EndProject
Project("{FAE04EC0-301F-11D3-BF4B-00C04F79EFBC}") = "Unity.TextMeshPro.Editor", "Unity.TextMeshPro.Editor.csproj", "{F71E6ED1-B300-5D77-3A08-71B02ECA56BF}"
EndProject
Project("{FAE04EC0-301F-11D3-BF4B-00C04F79EFBC}") = "Zenject-UnitTests-Editor", "Zenject-UnitTests-Editor.csproj", "{6469F789-405B-1079-E612-5396C9120B98}"
EndProject
Project("{FAE04EC0-301F-11D3-BF4B-00C04F79EFBC}") = "Zenject-Editor", "Zenject-Editor.csproj", "{8FF0D9E1-4144-3957-848B-01789FD5A0AE}"
EndProject
Project("{FAE04EC0-301F-11D3-BF4B-00C04F79EFBC}") = "Unity.CollabProxy.Editor", "Unity.CollabProxy.Editor.csproj", "{B0B825AA-2197-7A89-AE24-932436FC955F}"
EndProject
Project("{FAE04EC0-301F-11D3-BF4B-00C04F79EFBC}") = "Unity.AI.Navigation.Editor.ConversionSystem", "Unity.AI.Navigation.Editor.ConversionSystem.csproj", "{FB4FB9A8-AD4A-EF8F-FD30-F5CE775A112A}"
EndProject
Project("{FAE04EC0-301F-11D3-BF4B-00C04F79EFBC}") = "Unity.Burst.CodeGen", "Unity.Burst.CodeGen.csproj", "{C6021607-DD63-AAAB-2167-FA606ADCAB12}"
EndProject
Project("{FAE04EC0-301F-11D3-BF4B-00C04F79EFBC}") = "Unity.RenderPipeline.Universal.ShaderLibrary", "Unity.RenderPipeline.Universal.ShaderLibrary.csproj", "{207A2885-E2AF-29FF-40D1-D020C17E7F50}"
EndProject
Project("{FAE04EC0-301F-11D3-BF4B-00C04F79EFBC}") = "Unity.PerformanceTesting", "Unity.PerformanceTesting.csproj", "{B0B5E56B-C32F-D0A0-51B7-33AC00993373}"
EndProject
Project("{FAE04EC0-301F-11D3-BF4B-00C04F79EFBC}") = "Unity.AI.Navigation", "Unity.AI.Navigation.csproj", "{BFEB2888-BD63-31A1-AE56-12C896EA0B8A}"
EndProject
Project("{FAE04EC0-301F-11D3-BF4B-00C04F79EFBC}") = "UnityEditor.UI", "UnityEditor.UI.csproj", "{535D1AA1-129F-D85F-892C-5DF7D279AA4E}"
EndProject
Project("{FAE04EC0-301F-11D3-BF4B-00C04F79EFBC}") = "Unity.TextMeshPro", "Unity.TextMeshPro.csproj", "{528F1CCF-CC31-7FA2-4E6E-A04F0E6AF0ED}"
EndProject
Project("{FAE04EC0-301F-11D3-BF4B-00C04F79EFBC}") = "Unity.Rendering.LightTransport.Runtime", "Unity.Rendering.LightTransport.Runtime.csproj", "{30263823-2A9F-4FAE-5D4B-FC98F52BE172}"
EndProject
Project("{FAE04EC0-301F-11D3-BF4B-00C04F79EFBC}") = "Unity.Burst.Editor", "Unity.Burst.Editor.csproj", "{9A1272C1-E05B-A94D-6DFD-BB8125A7F21F}"
EndProject
Project("{FAE04EC0-301F-11D3-BF4B-00C04F79EFBC}") = "Unity.AI.Navigation.Updater", "Unity.AI.Navigation.Updater.csproj", "{3EA81C93-CF57-1C48-A1B5-11D049FCA96C}"
EndProject
Project("{FAE04EC0-301F-11D3-BF4B-00C04F79EFBC}") = "Assembly-CSharp-firstpass", "Assembly-CSharp-firstpass.csproj", "{CA255430-1745-7D7D-BE88-C7924B771D8C}"
EndProject
Project("{FAE04EC0-301F-11D3-BF4B-00C04F79EFBC}") = "Unity.InputSystem.DocCodeSamples", "Unity.InputSystem.DocCodeSamples.csproj", "{B4A2624B-4200-CFDF-B67E-C041EE3D8599}"
EndProject
Project("{FAE04EC0-301F-11D3-BF4B-00C04F79EFBC}") = "Unity.Multiplayer.Center.Common", "Unity.Multiplayer.Center.Common.csproj", "{B8759CFD-52D8-FE15-033D-B7C37E6D91A9}"
EndProject
Project("{FAE04EC0-301F-11D3-BF4B-00C04F79EFBC}") = "Unity.InputSystem.ForUI", "Unity.InputSystem.ForUI.csproj", "{0DCFF03A-2F35-A8BA-F4FC-C1F11852FC7E}"
EndProject
Project("{FAE04EC0-301F-11D3-BF4B-00C04F79EFBC}") = "Unity.Collections.CodeGen", "Unity.Collections.CodeGen.csproj", "{D8ADE6A8-DDBD-3EA0-A268-1096347E0C8F}"
EndProject
Project("{FAE04EC0-301F-11D3-BF4B-00C04F79EFBC}") = "Unity.Mathematics.Editor", "Unity.Mathematics.Editor.csproj", "{AE776601-1B81-0D78-C30D-D04E2EED2FA2}"
EndProject
Project("{FAE04EC0-301F-11D3-BF4B-00C04F79EFBC}") = "Zenject-TestFramework", "Zenject-TestFramework.csproj", "{C93AC6B7-5AD2-C700-04C2-143FC12C7520}"
EndProject
Project("{FAE04EC0-301F-11D3-BF4B-00C04F79EFBC}") = "Zenject-PoolMonitor-Editor", "Zenject-PoolMonitor-Editor.csproj", "{A1000BBE-5BD1-C40D-7980-6761E9627F15}"
EndProject
Project("{FAE04EC0-301F-11D3-BF4B-00C04F79EFBC}") = "Assembly-CSharp-Editor", "Assembly-CSharp-Editor.csproj", "{DEDCF313-F104-117F-0EED-57036CCF5F94}"
EndProject
Project("{FAE04EC0-301F-11D3-BF4B-00C04F79EFBC}") = "Assembly-CSharp", "Assembly-CSharp.csproj", "{7CC749BA-E4CC-03A5-5319-DC10A7E1EFBB}"
EndProject
Project("{FAE04EC0-301F-11D3-BF4B-00C04F79EFBC}") = "Unity.InputSystem.TestFramework", "Unity.InputSystem.TestFramework.csproj", "{1A85758D-7BE9-D3AF-B54E-26DD6620BB26}"
EndProject
Project("{FAE04EC0-301F-11D3-BF4B-00C04F79EFBC}") = "Unity.ShaderGraph.Utilities", "Unity.ShaderGraph.Utilities.csproj", "{CCFFA9DF-1A35-D176-9FC6-41B6C0A1E0FD}"
EndProject
Project("{FAE04EC0-301F-11D3-BF4B-00C04F79EFBC}") = "Unity.Rendering.LightTransport.Editor", "Unity.Rendering.LightTransport.Editor.csproj", "{86402FFD-7A8B-06F9-FDCA-3404AFAA71C2}"
EndProject
Project("{FAE04EC0-301F-11D3-BF4B-00C04F79EFBC}") = "Unity.Collections.Editor", "Unity.Collections.Editor.csproj", "{F55CABF6-0712-B115-6107-C55F6819008F}"
EndProject
Project("{FAE04EC0-301F-11D3-BF4B-00C04F79EFBC}") = "Unity.RenderPipelines.Universal.Config.Runtime", "Unity.RenderPipelines.Universal.Config.Runtime.csproj", "{798A52D8-2689-D313-8B3C-5B9B968C4FF6}"
EndProject
Project("{FAE04EC0-301F-11D3-BF4B-00C04F79EFBC}") = "Unity.RenderPipelines.ShaderGraph.ShaderGraphLibrary", "Unity.RenderPipelines.ShaderGraph.ShaderGraphLibrary.csproj", "{EB0E183A-5786-5D5B-BC81-71C678E2AB55}"
EndProject
Project("{FAE04EC0-301F-11D3-BF4B-00C04F79EFBC}") = "Unity.RenderPipelines.Core.ShaderLibrary", "Unity.RenderPipelines.Core.ShaderLibrary.csproj", "{BDEEFF47-CFC8-CA4B-E044-F2FAEE5FF109}"
EndProject
Project("{FAE04EC0-301F-11D3-BF4B-00C04F79EFBC}") = "Unity.RenderPipelines.Core.Editor.Shared", "Unity.RenderPipelines.Core.Editor.Shared.csproj", "{CDCE902E-4BC2-69C3-38ED-D759D01AC8B9}"
EndProject
Project("{FAE04EC0-301F-11D3-BF4B-00C04F79EFBC}") = "Unity.RenderPipelines.Universal.Shaders", "Unity.RenderPipelines.Universal.Shaders.csproj", "{8B0D3982-5B4A-5B37-61E6-E956BE62BCAE}"
EndProject
Project("{FAE04EC0-301F-11D3-BF4B-00C04F79EFBC}") = "Unity.Timeline", "Unity.Timeline.Player.csproj", "{8E7728E7-AA55-8308-4C34-FB38FD46E1C4}"
EndProject
Project("{FAE04EC0-301F-11D3-BF4B-00C04F79EFBC}") = "Unity.RenderPipelines.GPUDriven.Runtime", "Unity.RenderPipelines.GPUDriven.Runtime.Player.csproj", "{685778B1-D921-8574-5633-C25282303AE4}"
EndProject
Project("{FAE04EC0-301F-11D3-BF4B-00C04F79EFBC}") = "Unity.InputSystem", "Unity.InputSystem.Player.csproj", "{878FEC94-25F0-A60A-FD08-C8C0C3167CBB}"
EndProject
Project("{FAE04EC0-301F-11D3-BF4B-00C04F79EFBC}") = "Zenject", "Zenject.Player.csproj", "{8D326CAE-E480-3E69-8D73-78527265D4D6}"
EndProject
Project("{FAE04EC0-301F-11D3-BF4B-00C04F79EFBC}") = "Unity.RenderPipelines.Universal.Runtime", "Unity.RenderPipelines.Universal.Runtime.Player.csproj", "{86CA3113-071F-6834-B48D-6623CD997C0F}"
EndProject
Project("{FAE04EC0-301F-11D3-BF4B-00C04F79EFBC}") = "Unity.RenderPipelines.Core.Runtime", "Unity.RenderPipelines.Core.Runtime.Player.csproj", "{0BE54B46-A8EA-CD83-73EE-F94C2550E4B6}"
EndProject
Project("{FAE04EC0-301F-11D3-BF4B-00C04F79EFBC}") = "Zenject-IntegrationTests", "Zenject-IntegrationTests.Player.csproj", "{BB194175-EFB6-2E68-8C44-39D4C21F7E79}"
EndProject
Project("{FAE04EC0-301F-11D3-BF4B-00C04F79EFBC}") = "Unity.Mathematics", "Unity.Mathematics.Player.csproj", "{65ED67A5-BE79-B962-9659-D74AADFF4A4D}"
EndProject
Project("{FAE04EC0-301F-11D3-BF4B-00C04F79EFBC}") = "Unity.Collections", "Unity.Collections.Player.csproj", "{6D115166-4BC9-3F2F-BB9B-4DC0B6078F8A}"
EndProject
Project("{FAE04EC0-301F-11D3-BF4B-00C04F79EFBC}") = "UnityEngine.UI", "UnityEngine.UI.Player.csproj", "{13939B67-0D43-C27C-27C7-A15B32CBE65F}"
EndProject
Project("{FAE04EC0-301F-11D3-BF4B-00C04F79EFBC}") = "Unity.RenderPipelines.Universal.2D.Runtime", "Unity.RenderPipelines.Universal.2D.Runtime.Player.csproj", "{A497C191-A891-CA24-7065-DD6E134BFCFE}"
EndProject
Project("{FAE04EC0-301F-11D3-BF4B-00C04F79EFBC}") = "UnityEngine.TestRunner", "UnityEngine.TestRunner.Player.csproj", "{061BFD3F-D815-9B17-9883-84AE196BBD22}"
EndProject
Project("{FAE04EC0-301F-11D3-BF4B-00C04F79EFBC}") = "Zenject-IntegrationTests-Editor", "Zenject-IntegrationTests-Editor.Player.csproj", "{635B2CAD-B05B-F8F8-9BAF-D41D3A8B8C4A}"
EndProject
Project("{FAE04EC0-301F-11D3-BF4B-00C04F79EFBC}") = "Unity.Burst", "Unity.Burst.Player.csproj", "{FC5AE814-CDC9-58F8-5C27-95B3F5F11DE6}"
EndProject
Project("{FAE04EC0-301F-11D3-BF4B-00C04F79EFBC}") = "Unity.RenderPipelines.Core.Runtime.Shared", "Unity.RenderPipelines.Core.Runtime.Shared.Player.csproj", "{ECD864CA-4FF9-DA92-5DAD-B6D7EAF7DF16}"
EndProject
Project("{FAE04EC0-301F-11D3-BF4B-00C04F79EFBC}") = "Unity.RenderPipeline.Universal.ShaderLibrary", "Unity.RenderPipeline.Universal.ShaderLibrary.Player.csproj", "{A5F01AB4-00D0-A0A0-BE5A-65BD722ACD70}"
EndProject
Project("{FAE04EC0-301F-11D3-BF4B-00C04F79EFBC}") = "Unity.PerformanceTesting", "Unity.PerformanceTesting.Player.csproj", "{55402D96-B561-9817-4827-D2355C361BC8}"
EndProject
Project("{FAE04EC0-301F-11D3-BF4B-00C04F79EFBC}") = "Unity.AI.Navigation", "Unity.AI.Navigation.Player.csproj", "{8545689E-D9AF-3883-1FC1-17A93F552D27}"
EndProject
Project("{FAE04EC0-301F-11D3-BF4B-00C04F79EFBC}") = "Unity.TextMeshPro", "Unity.TextMeshPro.Player.csproj", "{96BF2BC9-50D8-8A6E-718F-CA2A6B07966D}"
EndProject
Project("{FAE04EC0-301F-11D3-BF4B-00C04F79EFBC}") = "Unity.Rendering.LightTransport.Runtime", "Unity.Rendering.LightTransport.Runtime.Player.csproj", "{0CDCDB58-60E1-3999-0F6A-E67F084DC3A7}"
EndProject
Project("{FAE04EC0-301F-11D3-BF4B-00C04F79EFBC}") = "Assembly-CSharp-firstpass", "Assembly-CSharp-firstpass.Player.csproj", "{A8CA9F44-CE09-C3E5-C574-1588C48F9855}"
EndProject
Project("{FAE04EC0-301F-11D3-BF4B-00C04F79EFBC}") = "Unity.Multiplayer.Center.Common", "Unity.Multiplayer.Center.Common.Player.csproj", "{1C57172B-3564-0F59-D474-7840A29B5516}"
EndProject
Project("{FAE04EC0-301F-11D3-BF4B-00C04F79EFBC}") = "Unity.InputSystem.ForUI", "Unity.InputSystem.ForUI.Player.csproj", "{797E7CAB-55C3-9EBC-80ED-9C3731296AD7}"
EndProject
Project("{FAE04EC0-301F-11D3-BF4B-00C04F79EFBC}") = "Assembly-CSharp", "Assembly-CSharp.Player.csproj", "{3A593434-9650-0EC3-C62D-C61529D095BE}"
EndProject
Project("{FAE04EC0-301F-11D3-BF4B-00C04F79EFBC}") = "Unity.InputSystem.TestFramework", "Unity.InputSystem.TestFramework.Player.csproj", "{DA7CB47B-4F3C-D6DA-C284-D4E72B9842F2}"
EndProject
Project("{FAE04EC0-301F-11D3-BF4B-00C04F79EFBC}") = "Unity.RenderPipelines.Universal.Config.Runtime", "Unity.RenderPipelines.Universal.Config.Runtime.Player.csproj", "{4B0F3F41-E376-328D-ACEA-2E7728C7B774}"
EndProject
Project("{FAE04EC0-301F-11D3-BF4B-00C04F79EFBC}") = "Unity.RenderPipelines.ShaderGraph.ShaderGraphLibrary", "Unity.RenderPipelines.ShaderGraph.ShaderGraphLibrary.Player.csproj", "{5DC137E9-4717-856C-3B50-451466C0A6D4}"
EndProject
Project("{FAE04EC0-301F-11D3-BF4B-00C04F79EFBC}") = "Unity.RenderPipelines.Core.ShaderLibrary", "Unity.RenderPipelines.Core.ShaderLibrary.Player.csproj", "{78C7E94C-2189-83E0-0E96-D6E72E1CAF69}"
EndProject
Project("{FAE04EC0-301F-11D3-BF4B-00C04F79EFBC}") = "Unity.RenderPipelines.Universal.Shaders", "Unity.RenderPipelines.Universal.Shaders.Player.csproj", "{2AEFCB84-1339-3B50-5D55-D769C7C78F92}"
EndProject
Global
	GlobalSection(SolutionConfigurationPlatforms) = preSolution
		Debug|Any CPU = Debug|Any CPU
		Release|Any CPU = Release|Any CPU
	EndGlobalSection
	GlobalSection(ProjectConfigurationPlatforms) = postSolution
		{ABFB9322-EB37-42E7-BF39-22FA36BEFCBB}.Debug|Any CPU.ActiveCfg = Debug|Any CPU
		{ABFB9322-EB37-42E7-BF39-22FA36BEFCBB}.Debug|Any CPU.Build.0 = Debug|Any CPU
		{ABFB9322-EB37-42E7-BF39-22FA36BEFCBB}.Release|Any CPU.ActiveCfg = Release|Any CPU
		{ABFB9322-EB37-42E7-BF39-22FA36BEFCBB}.Release|Any CPU.Build.0 = Release|Any CPU
		{A7E3B70E-C054-34C1-DF77-BA7123474A5D}.Debug|Any CPU.ActiveCfg = Debug|Any CPU
		{A7E3B70E-C054-34C1-DF77-BA7123474A5D}.Debug|Any CPU.Build.0 = Debug|Any CPU
		{A7E3B70E-C054-34C1-DF77-BA7123474A5D}.Release|Any CPU.ActiveCfg = Release|Any CPU
		{A7E3B70E-C054-34C1-DF77-BA7123474A5D}.Release|Any CPU.Build.0 = Release|Any CPU
		{6542859C-212A-6E0E-23AE-902566F1A60C}.Debug|Any CPU.ActiveCfg = Debug|Any CPU
		{6542859C-212A-6E0E-23AE-902566F1A60C}.Debug|Any CPU.Build.0 = Debug|Any CPU
		{6542859C-212A-6E0E-23AE-902566F1A60C}.Release|Any CPU.ActiveCfg = Release|Any CPU
		{6542859C-212A-6E0E-23AE-902566F1A60C}.Release|Any CPU.Build.0 = Release|Any CPU
		{84B43DE0-CDC4-465C-67CA-F2139F8EB772}.Debug|Any CPU.ActiveCfg = Debug|Any CPU
		{84B43DE0-CDC4-465C-67CA-F2139F8EB772}.Debug|Any CPU.Build.0 = Debug|Any CPU
		{84B43DE0-CDC4-465C-67CA-F2139F8EB772}.Release|Any CPU.ActiveCfg = Release|Any CPU
		{84B43DE0-CDC4-465C-67CA-F2139F8EB772}.Release|Any CPU.Build.0 = Release|Any CPU
		{198F76AB-4BC8-2862-02E2-692666E04C5E}.Debug|Any CPU.ActiveCfg = Debug|Any CPU
		{198F76AB-4BC8-2862-02E2-692666E04C5E}.Debug|Any CPU.Build.0 = Debug|Any CPU
		{198F76AB-4BC8-2862-02E2-692666E04C5E}.Release|Any CPU.ActiveCfg = Release|Any CPU
		{198F76AB-4BC8-2862-02E2-692666E04C5E}.Release|Any CPU.Build.0 = Release|Any CPU
		{8F1CE64D-0D27-26F1-7F8B-FB3C02F4FE47}.Debug|Any CPU.ActiveCfg = Debug|Any CPU
		{8F1CE64D-0D27-26F1-7F8B-FB3C02F4FE47}.Debug|Any CPU.Build.0 = Debug|Any CPU
		{8F1CE64D-0D27-26F1-7F8B-FB3C02F4FE47}.Release|Any CPU.ActiveCfg = Release|Any CPU
		{8F1CE64D-0D27-26F1-7F8B-FB3C02F4FE47}.Release|Any CPU.Build.0 = Release|Any CPU
		{395D276D-B703-64AD-2D1B-0A650A2408D5}.Debug|Any CPU.ActiveCfg = Debug|Any CPU
		{395D276D-B703-64AD-2D1B-0A650A2408D5}.Debug|Any CPU.Build.0 = Debug|Any CPU
		{395D276D-B703-64AD-2D1B-0A650A2408D5}.Release|Any CPU.ActiveCfg = Release|Any CPU
		{395D276D-B703-64AD-2D1B-0A650A2408D5}.Release|Any CPU.Build.0 = Release|Any CPU
		{3312FBA4-1FE2-C9C3-D097-0EFDEF6710E0}.Debug|Any CPU.ActiveCfg = Debug|Any CPU
		{3312FBA4-1FE2-C9C3-D097-0EFDEF6710E0}.Debug|Any CPU.Build.0 = Debug|Any CPU
		{3312FBA4-1FE2-C9C3-D097-0EFDEF6710E0}.Release|Any CPU.ActiveCfg = Release|Any CPU
		{3312FBA4-1FE2-C9C3-D097-0EFDEF6710E0}.Release|Any CPU.Build.0 = Release|Any CPU
		{22F53F9E-7450-EF58-4EC8-EED34605B173}.Debug|Any CPU.ActiveCfg = Debug|Any CPU
		{22F53F9E-7450-EF58-4EC8-EED34605B173}.Debug|Any CPU.Build.0 = Debug|Any CPU
		{22F53F9E-7450-EF58-4EC8-EED34605B173}.Release|Any CPU.ActiveCfg = Release|Any CPU
		{22F53F9E-7450-EF58-4EC8-EED34605B173}.Release|Any CPU.Build.0 = Release|Any CPU
		{31EED8E5-247B-A3BE-5A85-0EBCEB054B87}.Debug|Any CPU.ActiveCfg = Debug|Any CPU
		{31EED8E5-247B-A3BE-5A85-0EBCEB054B87}.Debug|Any CPU.Build.0 = Debug|Any CPU
		{31EED8E5-247B-A3BE-5A85-0EBCEB054B87}.Release|Any CPU.ActiveCfg = Release|Any CPU
		{31EED8E5-247B-A3BE-5A85-0EBCEB054B87}.Release|Any CPU.Build.0 = Release|Any CPU
		{D5C5289A-ACCE-9899-359F-D44BF0763948}.Debug|Any CPU.ActiveCfg = Debug|Any CPU
		{D5C5289A-ACCE-9899-359F-D44BF0763948}.Debug|Any CPU.Build.0 = Debug|Any CPU
		{D5C5289A-ACCE-9899-359F-D44BF0763948}.Release|Any CPU.ActiveCfg = Release|Any CPU
		{D5C5289A-ACCE-9899-359F-D44BF0763948}.Release|Any CPU.Build.0 = Release|Any CPU
		{ADC23079-FDEF-0CAB-FE24-DA4F4ABCECCD}.Debug|Any CPU.ActiveCfg = Debug|Any CPU
		{ADC23079-FDEF-0CAB-FE24-DA4F4ABCECCD}.Debug|Any CPU.Build.0 = Debug|Any CPU
		{ADC23079-FDEF-0CAB-FE24-DA4F4ABCECCD}.Release|Any CPU.ActiveCfg = Release|Any CPU
		{ADC23079-FDEF-0CAB-FE24-DA4F4ABCECCD}.Release|Any CPU.Build.0 = Release|Any CPU
		{1A6417E9-6DC4-CD22-8E2E-5669444D1315}.Debug|Any CPU.ActiveCfg = Debug|Any CPU
		{1A6417E9-6DC4-CD22-8E2E-5669444D1315}.Debug|Any CPU.Build.0 = Debug|Any CPU
		{1A6417E9-6DC4-CD22-8E2E-5669444D1315}.Release|Any CPU.ActiveCfg = Release|Any CPU
		{1A6417E9-6DC4-CD22-8E2E-5669444D1315}.Release|Any CPU.Build.0 = Release|Any CPU
		{41A57309-3017-1358-40A9-42B10485F4C8}.Debug|Any CPU.ActiveCfg = Debug|Any CPU
		{41A57309-3017-1358-40A9-42B10485F4C8}.Debug|Any CPU.Build.0 = Debug|Any CPU
		{41A57309-3017-1358-40A9-42B10485F4C8}.Release|Any CPU.ActiveCfg = Release|Any CPU
		{41A57309-3017-1358-40A9-42B10485F4C8}.Release|Any CPU.Build.0 = Release|Any CPU
		{372B27E7-C46B-0341-E366-B7565ED6C61E}.Debug|Any CPU.ActiveCfg = Debug|Any CPU
		{372B27E7-C46B-0341-E366-B7565ED6C61E}.Debug|Any CPU.Build.0 = Debug|Any CPU
		{372B27E7-C46B-0341-E366-B7565ED6C61E}.Release|Any CPU.ActiveCfg = Release|Any CPU
		{372B27E7-C46B-0341-E366-B7565ED6C61E}.Release|Any CPU.Build.0 = Release|Any CPU
		{E883915E-52DA-F206-E262-69D1066B25A5}.Debug|Any CPU.ActiveCfg = Debug|Any CPU
		{E883915E-52DA-F206-E262-69D1066B25A5}.Debug|Any CPU.Build.0 = Debug|Any CPU
		{E883915E-52DA-F206-E262-69D1066B25A5}.Release|Any CPU.ActiveCfg = Release|Any CPU
		{E883915E-52DA-F206-E262-69D1066B25A5}.Release|Any CPU.Build.0 = Release|Any CPU
		{82ABF8EA-2DDF-6F4A-D573-3B35109CB2D1}.Debug|Any CPU.ActiveCfg = Debug|Any CPU
		{82ABF8EA-2DDF-6F4A-D573-3B35109CB2D1}.Debug|Any CPU.Build.0 = Debug|Any CPU
		{82ABF8EA-2DDF-6F4A-D573-3B35109CB2D1}.Release|Any CPU.ActiveCfg = Release|Any CPU
		{82ABF8EA-2DDF-6F4A-D573-3B35109CB2D1}.Release|Any CPU.Build.0 = Release|Any CPU
		{EB37E781-FECE-935F-87D6-3C62956D4C72}.Debug|Any CPU.ActiveCfg = Debug|Any CPU
		{EB37E781-FECE-935F-87D6-3C62956D4C72}.Debug|Any CPU.Build.0 = Debug|Any CPU
		{EB37E781-FECE-935F-87D6-3C62956D4C72}.Release|Any CPU.ActiveCfg = Release|Any CPU
		{EB37E781-FECE-935F-87D6-3C62956D4C72}.Release|Any CPU.Build.0 = Release|Any CPU
		{93EBA7BB-6DF6-3FE6-51D1-D17E91ABB52C}.Debug|Any CPU.ActiveCfg = Debug|Any CPU
		{93EBA7BB-6DF6-3FE6-51D1-D17E91ABB52C}.Debug|Any CPU.Build.0 = Debug|Any CPU
		{93EBA7BB-6DF6-3FE6-51D1-D17E91ABB52C}.Release|Any CPU.ActiveCfg = Release|Any CPU
		{93EBA7BB-6DF6-3FE6-51D1-D17E91ABB52C}.Release|Any CPU.Build.0 = Release|Any CPU
		{E2789609-9E53-7463-B3C3-5E72D5842AA5}.Debug|Any CPU.ActiveCfg = Debug|Any CPU
		{E2789609-9E53-7463-B3C3-5E72D5842AA5}.Debug|Any CPU.Build.0 = Debug|Any CPU
		{E2789609-9E53-7463-B3C3-5E72D5842AA5}.Release|Any CPU.ActiveCfg = Release|Any CPU
		{E2789609-9E53-7463-B3C3-5E72D5842AA5}.Release|Any CPU.Build.0 = Release|Any CPU
		{11C1E80B-84BB-9144-86FB-37122EA41324}.Debug|Any CPU.ActiveCfg = Debug|Any CPU
		{11C1E80B-84BB-9144-86FB-37122EA41324}.Debug|Any CPU.Build.0 = Debug|Any CPU
		{11C1E80B-84BB-9144-86FB-37122EA41324}.Release|Any CPU.ActiveCfg = Release|Any CPU
		{11C1E80B-84BB-9144-86FB-37122EA41324}.Release|Any CPU.Build.0 = Release|Any CPU
		{16CD0A70-776F-2CA6-17E8-834C36CC8E2F}.Debug|Any CPU.ActiveCfg = Debug|Any CPU
		{16CD0A70-776F-2CA6-17E8-834C36CC8E2F}.Debug|Any CPU.Build.0 = Debug|Any CPU
		{16CD0A70-776F-2CA6-17E8-834C36CC8E2F}.Release|Any CPU.ActiveCfg = Release|Any CPU
		{16CD0A70-776F-2CA6-17E8-834C36CC8E2F}.Release|Any CPU.Build.0 = Release|Any CPU
		{7935ABED-1F84-EA6D-EA91-A3A3B77C5326}.Debug|Any CPU.ActiveCfg = Debug|Any CPU
		{7935ABED-1F84-EA6D-EA91-A3A3B77C5326}.Debug|Any CPU.Build.0 = Debug|Any CPU
		{7935ABED-1F84-EA6D-EA91-A3A3B77C5326}.Release|Any CPU.ActiveCfg = Release|Any CPU
		{7935ABED-1F84-EA6D-EA91-A3A3B77C5326}.Release|Any CPU.Build.0 = Release|Any CPU
		{A057F9CC-D08E-D978-8613-E0ABAAA82A65}.Debug|Any CPU.ActiveCfg = Debug|Any CPU
		{A057F9CC-D08E-D978-8613-E0ABAAA82A65}.Debug|Any CPU.Build.0 = Debug|Any CPU
		{A057F9CC-D08E-D978-8613-E0ABAAA82A65}.Release|Any CPU.ActiveCfg = Release|Any CPU
		{A057F9CC-D08E-D978-8613-E0ABAAA82A65}.Release|Any CPU.Build.0 = Release|Any CPU
		{93FACF53-CD05-C2E0-B11A-6C03157855C0}.Debug|Any CPU.ActiveCfg = Debug|Any CPU
		{93FACF53-CD05-C2E0-B11A-6C03157855C0}.Debug|Any CPU.Build.0 = Debug|Any CPU
		{93FACF53-CD05-C2E0-B11A-6C03157855C0}.Release|Any CPU.ActiveCfg = Release|Any CPU
		{93FACF53-CD05-C2E0-B11A-6C03157855C0}.Release|Any CPU.Build.0 = Release|Any CPU
		{6ADC9435-F058-1F55-8CFD-497E3EF75632}.Debug|Any CPU.ActiveCfg = Debug|Any CPU
		{6ADC9435-F058-1F55-8CFD-497E3EF75632}.Debug|Any CPU.Build.0 = Debug|Any CPU
		{6ADC9435-F058-1F55-8CFD-497E3EF75632}.Release|Any CPU.ActiveCfg = Release|Any CPU
		{6ADC9435-F058-1F55-8CFD-497E3EF75632}.Release|Any CPU.Build.0 = Release|Any CPU
		{0E411A1E-B0AA-C928-A27F-E504FAA539CF}.Debug|Any CPU.ActiveCfg = Debug|Any CPU
		{0E411A1E-B0AA-C928-A27F-E504FAA539CF}.Debug|Any CPU.Build.0 = Debug|Any CPU
		{0E411A1E-B0AA-C928-A27F-E504FAA539CF}.Release|Any CPU.ActiveCfg = Release|Any CPU
		{0E411A1E-B0AA-C928-A27F-E504FAA539CF}.Release|Any CPU.Build.0 = Release|Any CPU
		{0D320050-1E1C-8E26-86DA-9B3A172887BA}.Debug|Any CPU.ActiveCfg = Debug|Any CPU
		{0D320050-1E1C-8E26-86DA-9B3A172887BA}.Debug|Any CPU.Build.0 = Debug|Any CPU
		{0D320050-1E1C-8E26-86DA-9B3A172887BA}.Release|Any CPU.ActiveCfg = Release|Any CPU
		{0D320050-1E1C-8E26-86DA-9B3A172887BA}.Release|Any CPU.Build.0 = Release|Any CPU
		{D0FFD980-6E36-6307-8580-763D12999961}.Debug|Any CPU.ActiveCfg = Debug|Any CPU
		{D0FFD980-6E36-6307-8580-763D12999961}.Debug|Any CPU.Build.0 = Debug|Any CPU
		{D0FFD980-6E36-6307-8580-763D12999961}.Release|Any CPU.ActiveCfg = Release|Any CPU
		{D0FFD980-6E36-6307-8580-763D12999961}.Release|Any CPU.Build.0 = Release|Any CPU
		{25722253-0731-8F0E-97A6-1D7637D55563}.Debug|Any CPU.ActiveCfg = Debug|Any CPU
		{25722253-0731-8F0E-97A6-1D7637D55563}.Debug|Any CPU.Build.0 = Debug|Any CPU
		{25722253-0731-8F0E-97A6-1D7637D55563}.Release|Any CPU.ActiveCfg = Release|Any CPU
		{25722253-0731-8F0E-97A6-1D7637D55563}.Release|Any CPU.Build.0 = Release|Any CPU
		{F71E6ED1-B300-5D77-3A08-71B02ECA56BF}.Debug|Any CPU.ActiveCfg = Debug|Any CPU
		{F71E6ED1-B300-5D77-3A08-71B02ECA56BF}.Debug|Any CPU.Build.0 = Debug|Any CPU
		{F71E6ED1-B300-5D77-3A08-71B02ECA56BF}.Release|Any CPU.ActiveCfg = Release|Any CPU
		{F71E6ED1-B300-5D77-3A08-71B02ECA56BF}.Release|Any CPU.Build.0 = Release|Any CPU
		{6469F789-405B-1079-E612-5396C9120B98}.Debug|Any CPU.ActiveCfg = Debug|Any CPU
		{6469F789-405B-1079-E612-5396C9120B98}.Debug|Any CPU.Build.0 = Debug|Any CPU
		{6469F789-405B-1079-E612-5396C9120B98}.Release|Any CPU.ActiveCfg = Release|Any CPU
		{6469F789-405B-1079-E612-5396C9120B98}.Release|Any CPU.Build.0 = Release|Any CPU
		{8FF0D9E1-4144-3957-848B-01789FD5A0AE}.Debug|Any CPU.ActiveCfg = Debug|Any CPU
		{8FF0D9E1-4144-3957-848B-01789FD5A0AE}.Debug|Any CPU.Build.0 = Debug|Any CPU
		{8FF0D9E1-4144-3957-848B-01789FD5A0AE}.Release|Any CPU.ActiveCfg = Release|Any CPU
		{8FF0D9E1-4144-3957-848B-01789FD5A0AE}.Release|Any CPU.Build.0 = Release|Any CPU
		{B0B825AA-2197-7A89-AE24-932436FC955F}.Debug|Any CPU.ActiveCfg = Debug|Any CPU
		{B0B825AA-2197-7A89-AE24-932436FC955F}.Debug|Any CPU.Build.0 = Debug|Any CPU
		{B0B825AA-2197-7A89-AE24-932436FC955F}.Release|Any CPU.ActiveCfg = Release|Any CPU
		{B0B825AA-2197-7A89-AE24-932436FC955F}.Release|Any CPU.Build.0 = Release|Any CPU
		{FB4FB9A8-AD4A-EF8F-FD30-F5CE775A112A}.Debug|Any CPU.ActiveCfg = Debug|Any CPU
		{FB4FB9A8-AD4A-EF8F-FD30-F5CE775A112A}.Debug|Any CPU.Build.0 = Debug|Any CPU
		{FB4FB9A8-AD4A-EF8F-FD30-F5CE775A112A}.Release|Any CPU.ActiveCfg = Release|Any CPU
		{FB4FB9A8-AD4A-EF8F-FD30-F5CE775A112A}.Release|Any CPU.Build.0 = Release|Any CPU
		{C6021607-DD63-AAAB-2167-FA606ADCAB12}.Debug|Any CPU.ActiveCfg = Debug|Any CPU
		{C6021607-DD63-AAAB-2167-FA606ADCAB12}.Debug|Any CPU.Build.0 = Debug|Any CPU
		{C6021607-DD63-AAAB-2167-FA606ADCAB12}.Release|Any CPU.ActiveCfg = Release|Any CPU
		{C6021607-DD63-AAAB-2167-FA606ADCAB12}.Release|Any CPU.Build.0 = Release|Any CPU
		{207A2885-E2AF-29FF-40D1-D020C17E7F50}.Debug|Any CPU.ActiveCfg = Debug|Any CPU
		{207A2885-E2AF-29FF-40D1-D020C17E7F50}.Debug|Any CPU.Build.0 = Debug|Any CPU
		{207A2885-E2AF-29FF-40D1-D020C17E7F50}.Release|Any CPU.ActiveCfg = Release|Any CPU
		{207A2885-E2AF-29FF-40D1-D020C17E7F50}.Release|Any CPU.Build.0 = Release|Any CPU
		{B0B5E56B-C32F-D0A0-51B7-33AC00993373}.Debug|Any CPU.ActiveCfg = Debug|Any CPU
		{B0B5E56B-C32F-D0A0-51B7-33AC00993373}.Debug|Any CPU.Build.0 = Debug|Any CPU
		{B0B5E56B-C32F-D0A0-51B7-33AC00993373}.Release|Any CPU.ActiveCfg = Release|Any CPU
		{B0B5E56B-C32F-D0A0-51B7-33AC00993373}.Release|Any CPU.Build.0 = Release|Any CPU
		{BFEB2888-BD63-31A1-AE56-12C896EA0B8A}.Debug|Any CPU.ActiveCfg = Debug|Any CPU
		{BFEB2888-BD63-31A1-AE56-12C896EA0B8A}.Debug|Any CPU.Build.0 = Debug|Any CPU
		{BFEB2888-BD63-31A1-AE56-12C896EA0B8A}.Release|Any CPU.ActiveCfg = Release|Any CPU
		{BFEB2888-BD63-31A1-AE56-12C896EA0B8A}.Release|Any CPU.Build.0 = Release|Any CPU
		{535D1AA1-129F-D85F-892C-5DF7D279AA4E}.Debug|Any CPU.ActiveCfg = Debug|Any CPU
		{535D1AA1-129F-D85F-892C-5DF7D279AA4E}.Debug|Any CPU.Build.0 = Debug|Any CPU
		{535D1AA1-129F-D85F-892C-5DF7D279AA4E}.Release|Any CPU.ActiveCfg = Release|Any CPU
		{535D1AA1-129F-D85F-892C-5DF7D279AA4E}.Release|Any CPU.Build.0 = Release|Any CPU
		{528F1CCF-CC31-7FA2-4E6E-A04F0E6AF0ED}.Debug|Any CPU.ActiveCfg = Debug|Any CPU
		{528F1CCF-CC31-7FA2-4E6E-A04F0E6AF0ED}.Debug|Any CPU.Build.0 = Debug|Any CPU
		{528F1CCF-CC31-7FA2-4E6E-A04F0E6AF0ED}.Release|Any CPU.ActiveCfg = Release|Any CPU
		{528F1CCF-CC31-7FA2-4E6E-A04F0E6AF0ED}.Release|Any CPU.Build.0 = Release|Any CPU
		{30263823-2A9F-4FAE-5D4B-FC98F52BE172}.Debug|Any CPU.ActiveCfg = Debug|Any CPU
		{30263823-2A9F-4FAE-5D4B-FC98F52BE172}.Debug|Any CPU.Build.0 = Debug|Any CPU
		{30263823-2A9F-4FAE-5D4B-FC98F52BE172}.Release|Any CPU.ActiveCfg = Release|Any CPU
		{30263823-2A9F-4FAE-5D4B-FC98F52BE172}.Release|Any CPU.Build.0 = Release|Any CPU
		{9A1272C1-E05B-A94D-6DFD-BB8125A7F21F}.Debug|Any CPU.ActiveCfg = Debug|Any CPU
		{9A1272C1-E05B-A94D-6DFD-BB8125A7F21F}.Debug|Any CPU.Build.0 = Debug|Any CPU
		{9A1272C1-E05B-A94D-6DFD-BB8125A7F21F}.Release|Any CPU.ActiveCfg = Release|Any CPU
		{9A1272C1-E05B-A94D-6DFD-BB8125A7F21F}.Release|Any CPU.Build.0 = Release|Any CPU
		{3EA81C93-CF57-1C48-A1B5-11D049FCA96C}.Debug|Any CPU.ActiveCfg = Debug|Any CPU
		{3EA81C93-CF57-1C48-A1B5-11D049FCA96C}.Debug|Any CPU.Build.0 = Debug|Any CPU
		{3EA81C93-CF57-1C48-A1B5-11D049FCA96C}.Release|Any CPU.ActiveCfg = Release|Any CPU
		{3EA81C93-CF57-1C48-A1B5-11D049FCA96C}.Release|Any CPU.Build.0 = Release|Any CPU
		{CA255430-1745-7D7D-BE88-C7924B771D8C}.Debug|Any CPU.ActiveCfg = Debug|Any CPU
		{CA255430-1745-7D7D-BE88-C7924B771D8C}.Debug|Any CPU.Build.0 = Debug|Any CPU
		{CA255430-1745-7D7D-BE88-C7924B771D8C}.Release|Any CPU.ActiveCfg = Release|Any CPU
		{CA255430-1745-7D7D-BE88-C7924B771D8C}.Release|Any CPU.Build.0 = Release|Any CPU
		{B4A2624B-4200-CFDF-B67E-C041EE3D8599}.Debug|Any CPU.ActiveCfg = Debug|Any CPU
		{B4A2624B-4200-CFDF-B67E-C041EE3D8599}.Debug|Any CPU.Build.0 = Debug|Any CPU
		{B4A2624B-4200-CFDF-B67E-C041EE3D8599}.Release|Any CPU.ActiveCfg = Release|Any CPU
		{B4A2624B-4200-CFDF-B67E-C041EE3D8599}.Release|Any CPU.Build.0 = Release|Any CPU
		{B8759CFD-52D8-FE15-033D-B7C37E6D91A9}.Debug|Any CPU.ActiveCfg = Debug|Any CPU
		{B8759CFD-52D8-FE15-033D-B7C37E6D91A9}.Debug|Any CPU.Build.0 = Debug|Any CPU
		{B8759CFD-52D8-FE15-033D-B7C37E6D91A9}.Release|Any CPU.ActiveCfg = Release|Any CPU
		{B8759CFD-52D8-FE15-033D-B7C37E6D91A9}.Release|Any CPU.Build.0 = Release|Any CPU
		{0DCFF03A-2F35-A8BA-F4FC-C1F11852FC7E}.Debug|Any CPU.ActiveCfg = Debug|Any CPU
		{0DCFF03A-2F35-A8BA-F4FC-C1F11852FC7E}.Debug|Any CPU.Build.0 = Debug|Any CPU
		{0DCFF03A-2F35-A8BA-F4FC-C1F11852FC7E}.Release|Any CPU.ActiveCfg = Release|Any CPU
		{0DCFF03A-2F35-A8BA-F4FC-C1F11852FC7E}.Release|Any CPU.Build.0 = Release|Any CPU
		{D8ADE6A8-DDBD-3EA0-A268-1096347E0C8F}.Debug|Any CPU.ActiveCfg = Debug|Any CPU
		{D8ADE6A8-DDBD-3EA0-A268-1096347E0C8F}.Debug|Any CPU.Build.0 = Debug|Any CPU
		{D8ADE6A8-DDBD-3EA0-A268-1096347E0C8F}.Release|Any CPU.ActiveCfg = Release|Any CPU
		{D8ADE6A8-DDBD-3EA0-A268-1096347E0C8F}.Release|Any CPU.Build.0 = Release|Any CPU
		{AE776601-1B81-0D78-C30D-D04E2EED2FA2}.Debug|Any CPU.ActiveCfg = Debug|Any CPU
		{AE776601-1B81-0D78-C30D-D04E2EED2FA2}.Debug|Any CPU.Build.0 = Debug|Any CPU
		{AE776601-1B81-0D78-C30D-D04E2EED2FA2}.Release|Any CPU.ActiveCfg = Release|Any CPU
		{AE776601-1B81-0D78-C30D-D04E2EED2FA2}.Release|Any CPU.Build.0 = Release|Any CPU
		{C93AC6B7-5AD2-C700-04C2-143FC12C7520}.Debug|Any CPU.ActiveCfg = Debug|Any CPU
		{C93AC6B7-5AD2-C700-04C2-143FC12C7520}.Debug|Any CPU.Build.0 = Debug|Any CPU
		{C93AC6B7-5AD2-C700-04C2-143FC12C7520}.Release|Any CPU.ActiveCfg = Release|Any CPU
		{C93AC6B7-5AD2-C700-04C2-143FC12C7520}.Release|Any CPU.Build.0 = Release|Any CPU
		{A1000BBE-5BD1-C40D-7980-6761E9627F15}.Debug|Any CPU.ActiveCfg = Debug|Any CPU
		{A1000BBE-5BD1-C40D-7980-6761E9627F15}.Debug|Any CPU.Build.0 = Debug|Any CPU
		{A1000BBE-5BD1-C40D-7980-6761E9627F15}.Release|Any CPU.ActiveCfg = Release|Any CPU
		{A1000BBE-5BD1-C40D-7980-6761E9627F15}.Release|Any CPU.Build.0 = Release|Any CPU
		{DEDCF313-F104-117F-0EED-57036CCF5F94}.Debug|Any CPU.ActiveCfg = Debug|Any CPU
		{DEDCF313-F104-117F-0EED-57036CCF5F94}.Debug|Any CPU.Build.0 = Debug|Any CPU
		{DEDCF313-F104-117F-0EED-57036CCF5F94}.Release|Any CPU.ActiveCfg = Release|Any CPU
		{DEDCF313-F104-117F-0EED-57036CCF5F94}.Release|Any CPU.Build.0 = Release|Any CPU
		{7CC749BA-E4CC-03A5-5319-DC10A7E1EFBB}.Debug|Any CPU.ActiveCfg = Debug|Any CPU
		{7CC749BA-E4CC-03A5-5319-DC10A7E1EFBB}.Debug|Any CPU.Build.0 = Debug|Any CPU
		{7CC749BA-E4CC-03A5-5319-DC10A7E1EFBB}.Release|Any CPU.ActiveCfg = Release|Any CPU
		{7CC749BA-E4CC-03A5-5319-DC10A7E1EFBB}.Release|Any CPU.Build.0 = Release|Any CPU
		{1A85758D-7BE9-D3AF-B54E-26DD6620BB26}.Debug|Any CPU.ActiveCfg = Debug|Any CPU
		{1A85758D-7BE9-D3AF-B54E-26DD6620BB26}.Debug|Any CPU.Build.0 = Debug|Any CPU
		{1A85758D-7BE9-D3AF-B54E-26DD6620BB26}.Release|Any CPU.ActiveCfg = Release|Any CPU
		{1A85758D-7BE9-D3AF-B54E-26DD6620BB26}.Release|Any CPU.Build.0 = Release|Any CPU
		{CCFFA9DF-1A35-D176-9FC6-41B6C0A1E0FD}.Debug|Any CPU.ActiveCfg = Debug|Any CPU
		{CCFFA9DF-1A35-D176-9FC6-41B6C0A1E0FD}.Debug|Any CPU.Build.0 = Debug|Any CPU
		{CCFFA9DF-1A35-D176-9FC6-41B6C0A1E0FD}.Release|Any CPU.ActiveCfg = Release|Any CPU
		{CCFFA9DF-1A35-D176-9FC6-41B6C0A1E0FD}.Release|Any CPU.Build.0 = Release|Any CPU
		{86402FFD-7A8B-06F9-FDCA-3404AFAA71C2}.Debug|Any CPU.ActiveCfg = Debug|Any CPU
		{86402FFD-7A8B-06F9-FDCA-3404AFAA71C2}.Debug|Any CPU.Build.0 = Debug|Any CPU
		{86402FFD-7A8B-06F9-FDCA-3404AFAA71C2}.Release|Any CPU.ActiveCfg = Release|Any CPU
		{86402FFD-7A8B-06F9-FDCA-3404AFAA71C2}.Release|Any CPU.Build.0 = Release|Any CPU
		{F55CABF6-0712-B115-6107-C55F6819008F}.Debug|Any CPU.ActiveCfg = Debug|Any CPU
		{F55CABF6-0712-B115-6107-C55F6819008F}.Debug|Any CPU.Build.0 = Debug|Any CPU
		{F55CABF6-0712-B115-6107-C55F6819008F}.Release|Any CPU.ActiveCfg = Release|Any CPU
		{F55CABF6-0712-B115-6107-C55F6819008F}.Release|Any CPU.Build.0 = Release|Any CPU
		{798A52D8-2689-D313-8B3C-5B9B968C4FF6}.Debug|Any CPU.ActiveCfg = Debug|Any CPU
		{798A52D8-2689-D313-8B3C-5B9B968C4FF6}.Debug|Any CPU.Build.0 = Debug|Any CPU
		{798A52D8-2689-D313-8B3C-5B9B968C4FF6}.Release|Any CPU.ActiveCfg = Release|Any CPU
		{798A52D8-2689-D313-8B3C-5B9B968C4FF6}.Release|Any CPU.Build.0 = Release|Any CPU
		{EB0E183A-5786-5D5B-BC81-71C678E2AB55}.Debug|Any CPU.ActiveCfg = Debug|Any CPU
		{EB0E183A-5786-5D5B-BC81-71C678E2AB55}.Debug|Any CPU.Build.0 = Debug|Any CPU
		{EB0E183A-5786-5D5B-BC81-71C678E2AB55}.Release|Any CPU.ActiveCfg = Release|Any CPU
		{EB0E183A-5786-5D5B-BC81-71C678E2AB55}.Release|Any CPU.Build.0 = Release|Any CPU
		{BDEEFF47-CFC8-CA4B-E044-F2FAEE5FF109}.Debug|Any CPU.ActiveCfg = Debug|Any CPU
		{BDEEFF47-CFC8-CA4B-E044-F2FAEE5FF109}.Debug|Any CPU.Build.0 = Debug|Any CPU
		{BDEEFF47-CFC8-CA4B-E044-F2FAEE5FF109}.Release|Any CPU.ActiveCfg = Release|Any CPU
		{BDEEFF47-CFC8-CA4B-E044-F2FAEE5FF109}.Release|Any CPU.Build.0 = Release|Any CPU
		{CDCE902E-4BC2-69C3-38ED-D759D01AC8B9}.Debug|Any CPU.ActiveCfg = Debug|Any CPU
		{CDCE902E-4BC2-69C3-38ED-D759D01AC8B9}.Debug|Any CPU.Build.0 = Debug|Any CPU
		{CDCE902E-4BC2-69C3-38ED-D759D01AC8B9}.Release|Any CPU.ActiveCfg = Release|Any CPU
		{CDCE902E-4BC2-69C3-38ED-D759D01AC8B9}.Release|Any CPU.Build.0 = Release|Any CPU
		{8B0D3982-5B4A-5B37-61E6-E956BE62BCAE}.Debug|Any CPU.ActiveCfg = Debug|Any CPU
		{8B0D3982-5B4A-5B37-61E6-E956BE62BCAE}.Debug|Any CPU.Build.0 = Debug|Any CPU
		{8B0D3982-5B4A-5B37-61E6-E956BE62BCAE}.Release|Any CPU.ActiveCfg = Release|Any CPU
		{8B0D3982-5B4A-5B37-61E6-E956BE62BCAE}.Release|Any CPU.Build.0 = Release|Any CPU
		{8E7728E7-AA55-8308-4C34-FB38FD46E1C4}.Debug|Any CPU.ActiveCfg = Debug|Any CPU
		{8E7728E7-AA55-8308-4C34-FB38FD46E1C4}.Debug|Any CPU.Build.0 = Debug|Any CPU
		{8E7728E7-AA55-8308-4C34-FB38FD46E1C4}.Release|Any CPU.ActiveCfg = Release|Any CPU
		{8E7728E7-AA55-8308-4C34-FB38FD46E1C4}.Release|Any CPU.Build.0 = Release|Any CPU
		{685778B1-D921-8574-5633-C25282303AE4}.Debug|Any CPU.ActiveCfg = Debug|Any CPU
		{685778B1-D921-8574-5633-C25282303AE4}.Debug|Any CPU.Build.0 = Debug|Any CPU
		{685778B1-D921-8574-5633-C25282303AE4}.Release|Any CPU.ActiveCfg = Release|Any CPU
		{685778B1-D921-8574-5633-C25282303AE4}.Release|Any CPU.Build.0 = Release|Any CPU
		{878FEC94-25F0-A60A-FD08-C8C0C3167CBB}.Debug|Any CPU.ActiveCfg = Debug|Any CPU
		{878FEC94-25F0-A60A-FD08-C8C0C3167CBB}.Debug|Any CPU.Build.0 = Debug|Any CPU
		{878FEC94-25F0-A60A-FD08-C8C0C3167CBB}.Release|Any CPU.ActiveCfg = Release|Any CPU
		{878FEC94-25F0-A60A-FD08-C8C0C3167CBB}.Release|Any CPU.Build.0 = Release|Any CPU
		{8D326CAE-E480-3E69-8D73-78527265D4D6}.Debug|Any CPU.ActiveCfg = Debug|Any CPU
		{8D326CAE-E480-3E69-8D73-78527265D4D6}.Debug|Any CPU.Build.0 = Debug|Any CPU
		{8D326CAE-E480-3E69-8D73-78527265D4D6}.Release|Any CPU.ActiveCfg = Release|Any CPU
		{8D326CAE-E480-3E69-8D73-78527265D4D6}.Release|Any CPU.Build.0 = Release|Any CPU
		{86CA3113-071F-6834-B48D-6623CD997C0F}.Debug|Any CPU.ActiveCfg = Debug|Any CPU
		{86CA3113-071F-6834-B48D-6623CD997C0F}.Debug|Any CPU.Build.0 = Debug|Any CPU
		{86CA3113-071F-6834-B48D-6623CD997C0F}.Release|Any CPU.ActiveCfg = Release|Any CPU
		{86CA3113-071F-6834-B48D-6623CD997C0F}.Release|Any CPU.Build.0 = Release|Any CPU
		{0BE54B46-A8EA-CD83-73EE-F94C2550E4B6}.Debug|Any CPU.ActiveCfg = Debug|Any CPU
		{0BE54B46-A8EA-CD83-73EE-F94C2550E4B6}.Debug|Any CPU.Build.0 = Debug|Any CPU
		{0BE54B46-A8EA-CD83-73EE-F94C2550E4B6}.Release|Any CPU.ActiveCfg = Release|Any CPU
		{0BE54B46-A8EA-CD83-73EE-F94C2550E4B6}.Release|Any CPU.Build.0 = Release|Any CPU
		{BB194175-EFB6-2E68-8C44-39D4C21F7E79}.Debug|Any CPU.ActiveCfg = Debug|Any CPU
		{BB194175-EFB6-2E68-8C44-39D4C21F7E79}.Debug|Any CPU.Build.0 = Debug|Any CPU
		{BB194175-EFB6-2E68-8C44-39D4C21F7E79}.Release|Any CPU.ActiveCfg = Release|Any CPU
		{BB194175-EFB6-2E68-8C44-39D4C21F7E79}.Release|Any CPU.Build.0 = Release|Any CPU
		{65ED67A5-BE79-B962-9659-D74AADFF4A4D}.Debug|Any CPU.ActiveCfg = Debug|Any CPU
		{65ED67A5-BE79-B962-9659-D74AADFF4A4D}.Debug|Any CPU.Build.0 = Debug|Any CPU
		{65ED67A5-BE79-B962-9659-D74AADFF4A4D}.Release|Any CPU.ActiveCfg = Release|Any CPU
		{65ED67A5-BE79-B962-9659-D74AADFF4A4D}.Release|Any CPU.Build.0 = Release|Any CPU
		{6D115166-4BC9-3F2F-BB9B-4DC0B6078F8A}.Debug|Any CPU.ActiveCfg = Debug|Any CPU
		{6D115166-4BC9-3F2F-BB9B-4DC0B6078F8A}.Debug|Any CPU.Build.0 = Debug|Any CPU
		{6D115166-4BC9-3F2F-BB9B-4DC0B6078F8A}.Release|Any CPU.ActiveCfg = Release|Any CPU
		{6D115166-4BC9-3F2F-BB9B-4DC0B6078F8A}.Release|Any CPU.Build.0 = Release|Any CPU
		{13939B67-0D43-C27C-27C7-A15B32CBE65F}.Debug|Any CPU.ActiveCfg = Debug|Any CPU
		{13939B67-0D43-C27C-27C7-A15B32CBE65F}.Debug|Any CPU.Build.0 = Debug|Any CPU
		{13939B67-0D43-C27C-27C7-A15B32CBE65F}.Release|Any CPU.ActiveCfg = Release|Any CPU
		{13939B67-0D43-C27C-27C7-A15B32CBE65F}.Release|Any CPU.Build.0 = Release|Any CPU
		{A497C191-A891-CA24-7065-DD6E134BFCFE}.Debug|Any CPU.ActiveCfg = Debug|Any CPU
		{A497C191-A891-CA24-7065-DD6E134BFCFE}.Debug|Any CPU.Build.0 = Debug|Any CPU
		{A497C191-A891-CA24-7065-DD6E134BFCFE}.Release|Any CPU.ActiveCfg = Release|Any CPU
		{A497C191-A891-CA24-7065-DD6E134BFCFE}.Release|Any CPU.Build.0 = Release|Any CPU
		{061BFD3F-D815-9B17-9883-84AE196BBD22}.Debug|Any CPU.ActiveCfg = Debug|Any CPU
		{061BFD3F-D815-9B17-9883-84AE196BBD22}.Debug|Any CPU.Build.0 = Debug|Any CPU
		{061BFD3F-D815-9B17-9883-84AE196BBD22}.Release|Any CPU.ActiveCfg = Release|Any CPU
		{061BFD3F-D815-9B17-9883-84AE196BBD22}.Release|Any CPU.Build.0 = Release|Any CPU
		{635B2CAD-B05B-F8F8-9BAF-D41D3A8B8C4A}.Debug|Any CPU.ActiveCfg = Debug|Any CPU
		{635B2CAD-B05B-F8F8-9BAF-D41D3A8B8C4A}.Debug|Any CPU.Build.0 = Debug|Any CPU
		{635B2CAD-B05B-F8F8-9BAF-D41D3A8B8C4A}.Release|Any CPU.ActiveCfg = Release|Any CPU
		{635B2CAD-B05B-F8F8-9BAF-D41D3A8B8C4A}.Release|Any CPU.Build.0 = Release|Any CPU
		{FC5AE814-CDC9-58F8-5C27-95B3F5F11DE6}.Debug|Any CPU.ActiveCfg = Debug|Any CPU
		{FC5AE814-CDC9-58F8-5C27-95B3F5F11DE6}.Debug|Any CPU.Build.0 = Debug|Any CPU
		{FC5AE814-CDC9-58F8-5C27-95B3F5F11DE6}.Release|Any CPU.ActiveCfg = Release|Any CPU
		{FC5AE814-CDC9-58F8-5C27-95B3F5F11DE6}.Release|Any CPU.Build.0 = Release|Any CPU
		{ECD864CA-4FF9-DA92-5DAD-B6D7EAF7DF16}.Debug|Any CPU.ActiveCfg = Debug|Any CPU
		{ECD864CA-4FF9-DA92-5DAD-B6D7EAF7DF16}.Debug|Any CPU.Build.0 = Debug|Any CPU
		{ECD864CA-4FF9-DA92-5DAD-B6D7EAF7DF16}.Release|Any CPU.ActiveCfg = Release|Any CPU
		{ECD864CA-4FF9-DA92-5DAD-B6D7EAF7DF16}.Release|Any CPU.Build.0 = Release|Any CPU
		{A5F01AB4-00D0-A0A0-BE5A-65BD722ACD70}.Debug|Any CPU.ActiveCfg = Debug|Any CPU
		{A5F01AB4-00D0-A0A0-BE5A-65BD722ACD70}.Debug|Any CPU.Build.0 = Debug|Any CPU
		{A5F01AB4-00D0-A0A0-BE5A-65BD722ACD70}.Release|Any CPU.ActiveCfg = Release|Any CPU
		{A5F01AB4-00D0-A0A0-BE5A-65BD722ACD70}.Release|Any CPU.Build.0 = Release|Any CPU
		{55402D96-B561-9817-4827-D2355C361BC8}.Debug|Any CPU.ActiveCfg = Debug|Any CPU
		{55402D96-B561-9817-4827-D2355C361BC8}.Debug|Any CPU.Build.0 = Debug|Any CPU
		{55402D96-B561-9817-4827-D2355C361BC8}.Release|Any CPU.ActiveCfg = Release|Any CPU
		{55402D96-B561-9817-4827-D2355C361BC8}.Release|Any CPU.Build.0 = Release|Any CPU
		{8545689E-D9AF-3883-1FC1-17A93F552D27}.Debug|Any CPU.ActiveCfg = Debug|Any CPU
		{8545689E-D9AF-3883-1FC1-17A93F552D27}.Debug|Any CPU.Build.0 = Debug|Any CPU
		{8545689E-D9AF-3883-1FC1-17A93F552D27}.Release|Any CPU.ActiveCfg = Release|Any CPU
		{8545689E-D9AF-3883-1FC1-17A93F552D27}.Release|Any CPU.Build.0 = Release|Any CPU
		{96BF2BC9-50D8-8A6E-718F-CA2A6B07966D}.Debug|Any CPU.ActiveCfg = Debug|Any CPU
		{96BF2BC9-50D8-8A6E-718F-CA2A6B07966D}.Debug|Any CPU.Build.0 = Debug|Any CPU
		{96BF2BC9-50D8-8A6E-718F-CA2A6B07966D}.Release|Any CPU.ActiveCfg = Release|Any CPU
		{96BF2BC9-50D8-8A6E-718F-CA2A6B07966D}.Release|Any CPU.Build.0 = Release|Any CPU
		{0CDCDB58-60E1-3999-0F6A-E67F084DC3A7}.Debug|Any CPU.ActiveCfg = Debug|Any CPU
		{0CDCDB58-60E1-3999-0F6A-E67F084DC3A7}.Debug|Any CPU.Build.0 = Debug|Any CPU
		{0CDCDB58-60E1-3999-0F6A-E67F084DC3A7}.Release|Any CPU.ActiveCfg = Release|Any CPU
		{0CDCDB58-60E1-3999-0F6A-E67F084DC3A7}.Release|Any CPU.Build.0 = Release|Any CPU
		{A8CA9F44-CE09-C3E5-C574-1588C48F9855}.Debug|Any CPU.ActiveCfg = Debug|Any CPU
		{A8CA9F44-CE09-C3E5-C574-1588C48F9855}.Debug|Any CPU.Build.0 = Debug|Any CPU
		{A8CA9F44-CE09-C3E5-C574-1588C48F9855}.Release|Any CPU.ActiveCfg = Release|Any CPU
		{A8CA9F44-CE09-C3E5-C574-1588C48F9855}.Release|Any CPU.Build.0 = Release|Any CPU
		{1C57172B-3564-0F59-D474-7840A29B5516}.Debug|Any CPU.ActiveCfg = Debug|Any CPU
		{1C57172B-3564-0F59-D474-7840A29B5516}.Debug|Any CPU.Build.0 = Debug|Any CPU
		{1C57172B-3564-0F59-D474-7840A29B5516}.Release|Any CPU.ActiveCfg = Release|Any CPU
		{1C57172B-3564-0F59-D474-7840A29B5516}.Release|Any CPU.Build.0 = Release|Any CPU
		{797E7CAB-55C3-9EBC-80ED-9C3731296AD7}.Debug|Any CPU.ActiveCfg = Debug|Any CPU
		{797E7CAB-55C3-9EBC-80ED-9C3731296AD7}.Debug|Any CPU.Build.0 = Debug|Any CPU
		{797E7CAB-55C3-9EBC-80ED-9C3731296AD7}.Release|Any CPU.ActiveCfg = Release|Any CPU
		{797E7CAB-55C3-9EBC-80ED-9C3731296AD7}.Release|Any CPU.Build.0 = Release|Any CPU
		{3A593434-9650-0EC3-C62D-C61529D095BE}.Debug|Any CPU.ActiveCfg = Debug|Any CPU
		{3A593434-9650-0EC3-C62D-C61529D095BE}.Debug|Any CPU.Build.0 = Debug|Any CPU
		{3A593434-9650-0EC3-C62D-C61529D095BE}.Release|Any CPU.ActiveCfg = Release|Any CPU
		{3A593434-9650-0EC3-C62D-C61529D095BE}.Release|Any CPU.Build.0 = Release|Any CPU
		{DA7CB47B-4F3C-D6DA-C284-D4E72B9842F2}.Debug|Any CPU.ActiveCfg = Debug|Any CPU
		{DA7CB47B-4F3C-D6DA-C284-D4E72B9842F2}.Debug|Any CPU.Build.0 = Debug|Any CPU
		{DA7CB47B-4F3C-D6DA-C284-D4E72B9842F2}.Release|Any CPU.ActiveCfg = Release|Any CPU
		{DA7CB47B-4F3C-D6DA-C284-D4E72B9842F2}.Release|Any CPU.Build.0 = Release|Any CPU
		{4B0F3F41-E376-328D-ACEA-2E7728C7B774}.Debug|Any CPU.ActiveCfg = Debug|Any CPU
		{4B0F3F41-E376-328D-ACEA-2E7728C7B774}.Debug|Any CPU.Build.0 = Debug|Any CPU
		{4B0F3F41-E376-328D-ACEA-2E7728C7B774}.Release|Any CPU.ActiveCfg = Release|Any CPU
		{4B0F3F41-E376-328D-ACEA-2E7728C7B774}.Release|Any CPU.Build.0 = Release|Any CPU
		{5DC137E9-4717-856C-3B50-451466C0A6D4}.Debug|Any CPU.ActiveCfg = Debug|Any CPU
		{5DC137E9-4717-856C-3B50-451466C0A6D4}.Debug|Any CPU.Build.0 = Debug|Any CPU
		{5DC137E9-4717-856C-3B50-451466C0A6D4}.Release|Any CPU.ActiveCfg = Release|Any CPU
		{5DC137E9-4717-856C-3B50-451466C0A6D4}.Release|Any CPU.Build.0 = Release|Any CPU
		{78C7E94C-2189-83E0-0E96-D6E72E1CAF69}.Debug|Any CPU.ActiveCfg = Debug|Any CPU
		{78C7E94C-2189-83E0-0E96-D6E72E1CAF69}.Debug|Any CPU.Build.0 = Debug|Any CPU
		{78C7E94C-2189-83E0-0E96-D6E72E1CAF69}.Release|Any CPU.ActiveCfg = Release|Any CPU
		{78C7E94C-2189-83E0-0E96-D6E72E1CAF69}.Release|Any CPU.Build.0 = Release|Any CPU
		{2AEFCB84-1339-3B50-5D55-D769C7C78F92}.Debug|Any CPU.ActiveCfg = Debug|Any CPU
		{2AEFCB84-1339-3B50-5D55-D769C7C78F92}.Debug|Any CPU.Build.0 = Debug|Any CPU
		{2AEFCB84-1339-3B50-5D55-D769C7C78F92}.Release|Any CPU.ActiveCfg = Release|Any CPU
		{2AEFCB84-1339-3B50-5D55-D769C7C78F92}.Release|Any CPU.Build.0 = Release|Any CPU
	EndGlobalSection
	GlobalSection(SolutionProperties) = preSolution
		HideSolutionNode = FALSE
	EndGlobalSection
EndGlobal
